
Microsoft Visual Studio Solution File, Format Version 12.00
# Visual Studio Version 16
VisualStudioVersion = 16.0.31515.178
MinimumVisualStudioVersion = 10.0.40219.1
Project("{2150E333-8FDC-42A3-9474-1A3956D46DE8}") = "Application", "Application", "{DC7EA982-53AE-4453-B679-588F78801BFE}"
EndProject
Project("{2150E333-8FDC-42A3-9474-1A3956D46DE8}") = "Domain", "Domain", "{E3541A57-D982-4C01-9C04-8A75D5D1DBDF}"
EndProject
Project("{2150E333-8FDC-42A3-9474-1A3956D46DE8}") = "Infra.IoC", "Infra.IoC", "{1F7F072E-3CA5-4686-93A8-A509B3530807}"
EndProject
Project("{2150E333-8FDC-42A3-9474-1A3956D46DE8}") = "Infra.Data", "Infra.Data", "{8BAF8FF7-9DAF-416D-A933-3AEAD66860AB}"
EndProject
Project("{2150E333-8FDC-42A3-9474-1A3956D46DE8}") = "Presentation", "Presentation", "{19B49F7A-B722-49CB-AD9D-C9730C964D81}"
EndProject
Project("{9A19103F-16F7-4668-BE54-9A1E7A4F7556}") = "CleanArchitecture.Mvc", "CleanArchitecture.Mvc\CleanArchitecture.Mvc.csproj", "{B35F083A-83AD-4ADF-9B44-C4A8DF216BBD}"
EndProject
Project("{9A19103F-16F7-4668-BE54-9A1E7A4F7556}") = "CleanArchitecture.Domain", "CleanArchitecture.Domain\CleanArchitecture.Domain.csproj", "{A0C7AFBF-8AC1-4DCD-BD4B-55A4BBDE9B05}"
EndProject
Project("{FAE04EC0-301F-11D3-BF4B-00C04F79EFBC}") = "CleanArchitecture.Infr.Data", "CleanArchitecture.Infr.Data\CleanArchitecture.Infr.Data.csproj", "{2B90364F-8D47-4D4F-8E58-1EDA2280AEA8}"
EndProject
Global
	GlobalSection(SolutionConfigurationPlatforms) = preSolution
		Debug|Any CPU = Debug|Any CPU
		Release|Any CPU = Release|Any CPU
	EndGlobalSection
	GlobalSection(ProjectConfigurationPlatforms) = postSolution
		{B35F083A-83AD-4ADF-9B44-C4A8DF216BBD}.Debug|Any CPU.ActiveCfg = Debug|Any CPU
		{B35F083A-83AD-4ADF-9B44-C4A8DF216BBD}.Debug|Any CPU.Build.0 = Debug|Any CPU
		{B35F083A-83AD-4ADF-9B44-C4A8DF216BBD}.Release|Any CPU.ActiveCfg = Release|Any CPU
		{B35F083A-83AD-4ADF-9B44-C4A8DF216BBD}.Release|Any CPU.Build.0 = Release|Any CPU
		{A0C7AFBF-8AC1-4DCD-BD4B-55A4BBDE9B05}.Debug|Any CPU.ActiveCfg = Debug|Any CPU
		{A0C7AFBF-8AC1-4DCD-BD4B-55A4BBDE9B05}.Debug|Any CPU.Build.0 = Debug|Any CPU
		{A0C7AFBF-8AC1-4DCD-BD4B-55A4BBDE9B05}.Release|Any CPU.ActiveCfg = Release|Any CPU
		{A0C7AFBF-8AC1-4DCD-BD4B-55A4BBDE9B05}.Release|Any CPU.Build.0 = Release|Any CPU
		{2B90364F-8D47-4D4F-8E58-1EDA2280AEA8}.Debug|Any CPU.ActiveCfg = Debug|Any CPU
		{2B90364F-8D47-4D4F-8E58-1EDA2280AEA8}.Debug|Any CPU.Build.0 = Debug|Any CPU
		{2B90364F-8D47-4D4F-8E58-1EDA2280AEA8}.Release|Any CPU.ActiveCfg = Release|Any CPU
		{2B90364F-8D47-4D4F-8E58-1EDA2280AEA8}.Release|Any CPU.Build.0 = Release|Any CPU
	EndGlobalSection
	GlobalSection(SolutionProperties) = preSolution
		HideSolutionNode = FALSE
	EndGlobalSection
	GlobalSection(NestedProjects) = preSolution
		{B35F083A-83AD-4ADF-9B44-C4A8DF216BBD} = {19B49F7A-B722-49CB-AD9D-C9730C964D81}
		{A0C7AFBF-8AC1-4DCD-BD4B-55A4BBDE9B05} = {E3541A57-D982-4C01-9C04-8A75D5D1DBDF}
		{2B90364F-8D47-4D4F-8E58-1EDA2280AEA8} = {8BAF8FF7-9DAF-416D-A933-3AEAD66860AB}
	EndGlobalSection
	GlobalSection(ExtensibilityGlobals) = postSolution
		SolutionGuid = {0FEAA328-3132-413B-BE59-A2BAA279B45B}
	EndGlobalSection
EndGlobal
